
Microsoft Visual Studio Solution File, Format Version 12.00
# Visual Studio 15
VisualStudioVersion = 15.0.28010.2036
MinimumVisualStudioVersion = 10.0.40219.1
Project("{8BC9CEB8-8B4A-11D0-8D11-00A0C91BC942}") = "libmessage_queue", "libmessage_queue\libmessage_queue.vcxproj", "{DDBB0273-38DF-4E28-BC7F-22E570C4C1A3}"
EndProject
Project("{2150E333-8FDC-42A3-9474-1A3956D46DE8}") = "Solution Items", "Solution Items", "{52425D37-A727-444E-9299-3036CC2568C7}"
	ProjectSection(SolutionItems) = preProject
		README.md = README.md
	EndProjectSection
EndProject
Project("{8BC9CEB8-8B4A-11D0-8D11-00A0C91BC942}") = "JavaJNI", "JavaJNI\JavaJNI.vcxitems", "{A68EED59-8584-411A-A150-4200DE1B7766}"
EndProject
Global
	GlobalSection(SolutionConfigurationPlatforms) = preSolution
		Debug|x64 = Debug|x64
		Debug|x86 = Debug|x86
		Release|x64 = Release|x64
		Release|x86 = Release|x86
	EndGlobalSection
	GlobalSection(ProjectConfigurationPlatforms) = postSolution
		{DDBB0273-38DF-4E28-BC7F-22E570C4C1A3}.Debug|x64.ActiveCfg = Debug|x64
		{DDBB0273-38DF-4E28-BC7F-22E570C4C1A3}.Debug|x64.Build.0 = Debug|x64
		{DDBB0273-38DF-4E28-BC7F-22E570C4C1A3}.Debug|x86.ActiveCfg = Debug|Win32
		{DDBB0273-38DF-4E28-BC7F-22E570C4C1A3}.Debug|x86.Build.0 = Debug|Win32
		{DDBB0273-38DF-4E28-BC7F-22E570C4C1A3}.Release|x64.ActiveCfg = Release|x64
		{DDBB0273-38DF-4E28-BC7F-22E570C4C1A3}.Release|x64.Build.0 = Release|x64
		{DDBB0273-38DF-4E28-BC7F-22E570C4C1A3}.Release|x86.ActiveCfg = Release|Win32
		{DDBB0273-38DF-4E28-BC7F-22E570C4C1A3}.Release|x86.Build.0 = Release|Win32
	EndGlobalSection
	GlobalSection(SolutionProperties) = preSolution
		HideSolutionNode = FALSE
	EndGlobalSection
	GlobalSection(ExtensibilityGlobals) = postSolution
		SolutionGuid = {19B6F210-71A7-4900-871E-2FCEF93F7FC7}
	EndGlobalSection
EndGlobal
